
Microsoft Visual Studio Solution File, Format Version 12.00
# Visual Studio Version 17
VisualStudioVersion = 17.1.32210.238
MinimumVisualStudioVersion = 10.0.40219.1
Project("{8BC9CEB8-8B4A-11D0-8D11-00A0C91BC942}") = "Ex_01", "Ex_01\Ex_01.vcxproj", "{0713B45F-5B7E-4E9A-B01F-D6980BBA1556}"
EndProject
Project("{8BC9CEB8-8B4A-11D0-8D11-00A0C91BC942}") = "Ex_02", "Ex_02\Ex_02.vcxproj", "{8F4FCE1B-CF02-416F-BCC5-5A86DF964556}"
EndProject
Project("{8BC9CEB8-8B4A-11D0-8D11-00A0C91BC942}") = "Ex_03", "Ex_03\Ex_03.vcxproj", "{D310425B-2756-4045-8020-149649C062C8}"
EndProject
Global
	GlobalSection(SolutionConfigurationPlatforms) = preSolution
		Debug|x64 = Debug|x64
		Debug|x86 = Debug|x86
		Release|x64 = Release|x64
		Release|x86 = Release|x86
	EndGlobalSection
	GlobalSection(ProjectConfigurationPlatforms) = postSolution
		{0713B45F-5B7E-4E9A-B01F-D6980BBA1556}.Debug|x64.ActiveCfg = Debug|x64
		{0713B45F-5B7E-4E9A-B01F-D6980BBA1556}.Debug|x64.Build.0 = Debug|x64
		{0713B45F-5B7E-4E9A-B01F-D6980BBA1556}.Debug|x86.ActiveCfg = Debug|Win32
		{0713B45F-5B7E-4E9A-B01F-D6980BBA1556}.Debug|x86.Build.0 = Debug|Win32
		{0713B45F-5B7E-4E9A-B01F-D6980BBA1556}.Release|x64.ActiveCfg = Release|x64
		{0713B45F-5B7E-4E9A-B01F-D6980BBA1556}.Release|x64.Build.0 = Release|x64
		{0713B45F-5B7E-4E9A-B01F-D6980BBA1556}.Release|x86.ActiveCfg = Release|Win32
		{0713B45F-5B7E-4E9A-B01F-D6980BBA1556}.Release|x86.Build.0 = Release|Win32
		{8F4FCE1B-CF02-416F-BCC5-5A86DF964556}.Debug|x64.ActiveCfg = Debug|x64
		{8F4FCE1B-CF02-416F-BCC5-5A86DF964556}.Debug|x64.Build.0 = Debug|x64
		{8F4FCE1B-CF02-416F-BCC5-5A86DF964556}.Debug|x86.ActiveCfg = Debug|Win32
		{8F4FCE1B-CF02-416F-BCC5-5A86DF964556}.Debug|x86.Build.0 = Debug|Win32
		{8F4FCE1B-CF02-416F-BCC5-5A86DF964556}.Release|x64.ActiveCfg = Release|x64
		{8F4FCE1B-CF02-416F-BCC5-5A86DF964556}.Release|x64.Build.0 = Release|x64
		{8F4FCE1B-CF02-416F-BCC5-5A86DF964556}.Release|x86.ActiveCfg = Release|Win32
		{8F4FCE1B-CF02-416F-BCC5-5A86DF964556}.Release|x86.Build.0 = Release|Win32
		{D310425B-2756-4045-8020-149649C062C8}.Debug|x64.ActiveCfg = Debug|x64
		{D310425B-2756-4045-8020-149649C062C8}.Debug|x64.Build.0 = Debug|x64
		{D310425B-2756-4045-8020-149649C062C8}.Debug|x86.ActiveCfg = Debug|Win32
		{D310425B-2756-4045-8020-149649C062C8}.Debug|x86.Build.0 = Debug|Win32
		{D310425B-2756-4045-8020-149649C062C8}.Release|x64.ActiveCfg = Release|x64
		{D310425B-2756-4045-8020-149649C062C8}.Release|x64.Build.0 = Release|x64
		{D310425B-2756-4045-8020-149649C062C8}.Release|x86.ActiveCfg = Release|Win32
		{D310425B-2756-4045-8020-149649C062C8}.Release|x86.Build.0 = Release|Win32
	EndGlobalSection
	GlobalSection(SolutionProperties) = preSolution
		HideSolutionNode = FALSE
	EndGlobalSection
	GlobalSection(ExtensibilityGlobals) = postSolution
		SolutionGuid = {6FF8ACCE-D175-431E-AA08-741C40FA7CEE}
	EndGlobalSection
EndGlobal
